
Microsoft Visual Studio Solution File, Format Version 12.00
# Visual Studio Version 17
VisualStudioVersion = 17.0.31903.59
MinimumVisualStudioVersion = 10.0.40219.1
Project("{FAE04EC0-301F-11D3-BF4B-00C04F79EFBC}") = "Spacebar.Db", "Spacebar.Db\Spacebar.Db.csproj", "{524849DF-93BC-4632-B6C2-D05552C13887}"
EndProject
Project("{FAE04EC0-301F-11D3-BF4B-00C04F79EFBC}") = "Spacebar.AdminApi", "Spacebar.AdminApi\Spacebar.AdminApi.csproj", "{00E58C53-0AC1-4113-8CCF-D299861EA8D3}"
EndProject
Project("{2150E333-8FDC-42A3-9474-1A3956D46DE8}") = "Utilities", "Utilities", "{04787943-EBB6-4DE4-96D5-4CFB4A2CEE99}"
EndProject
Project("{FAE04EC0-301F-11D3-BF4B-00C04F79EFBC}") = "Spacebar.RabbitMqUtilities", "Utilities\Spacebar.RabbitMqUtilities\Spacebar.RabbitMqUtilities.csproj", "{F4E179D1-A3EB-4A1D-9C11-E7019F4B1EE2}"
EndProject
Project("{FAE04EC0-301F-11D3-BF4B-00C04F79EFBC}") = "Spacebar.AdminApiTest", "Utilities\Spacebar.AdminApiTest\Spacebar.AdminApiTest.csproj", "{374314B2-7149-4316-8750-4E1E7BF6C3B4}"
EndProject
Project("{FAE04EC0-301F-11D3-BF4B-00C04F79EFBC}") = "Spacebar.AdminApi.TestClient", "Utilities\Spacebar.AdminApi.TestClient\Spacebar.AdminApi.TestClient.csproj", "{498DAD05-336E-4851-ABD8-4E7CCA8312B0}"
EndProject
Project("{FAE04EC0-301F-11D3-BF4B-00C04F79EFBC}") = "Spacebar.AdminApi.Models", "Spacebar.AdminApi.Models\Spacebar.AdminApi.Models.csproj", "{5F138C70-EAFA-4C7C-8B90-EFB9624B235C}"
EndProject
Project("{FAE04EC0-301F-11D3-BF4B-00C04F79EFBC}") = "Spacebar.AdminApi.PrepareTestData", "Utilities\Spacebar.AdminApi.PrepareTestData\Spacebar.AdminApi.PrepareTestData.csproj", "{BCC6501C-16A7-4787-BA47-52DAE06718A8}"
EndProject
Project("{FAE04EC0-301F-11D3-BF4B-00C04F79EFBC}") = "Spacebar.CleanSettingsRows", "Spacebar.CleanSettingsRows\Spacebar.CleanSettingsRows.csproj", "{9B41FAC1-4427-487C-BF3F-69554848DEBF}"
EndProject
Project("{FAE04EC0-301F-11D3-BF4B-00C04F79EFBC}") = "Spacebar.ConfigModel", "Spacebar.ConfigModel\Spacebar.ConfigModel.csproj", "{EC5C6A71-458A-4A1D-BE96-CCB84FF4AF1B}"
EndProject
Project("{FAE04EC0-301F-11D3-BF4B-00C04F79EFBC}") = "ConfigTest", "ConfigTest\ConfigTest.csproj", "{3BB51E17-8D3E-42FE-AAE6-C33DA5D8D323}"
EndProject
Global
	GlobalSection(SolutionConfigurationPlatforms) = preSolution
		Debug|Any CPU = Debug|Any CPU
		Release|Any CPU = Release|Any CPU
	EndGlobalSection
	GlobalSection(SolutionProperties) = preSolution
		HideSolutionNode = FALSE
	EndGlobalSection
	GlobalSection(ProjectConfigurationPlatforms) = postSolution
		{524849DF-93BC-4632-B6C2-D05552C13887}.Debug|Any CPU.ActiveCfg = Debug|Any CPU
		{524849DF-93BC-4632-B6C2-D05552C13887}.Debug|Any CPU.Build.0 = Debug|Any CPU
		{524849DF-93BC-4632-B6C2-D05552C13887}.Release|Any CPU.ActiveCfg = Release|Any CPU
		{524849DF-93BC-4632-B6C2-D05552C13887}.Release|Any CPU.Build.0 = Release|Any CPU
		{00E58C53-0AC1-4113-8CCF-D299861EA8D3}.Debug|Any CPU.ActiveCfg = Debug|Any CPU
		{00E58C53-0AC1-4113-8CCF-D299861EA8D3}.Debug|Any CPU.Build.0 = Debug|Any CPU
		{00E58C53-0AC1-4113-8CCF-D299861EA8D3}.Release|Any CPU.ActiveCfg = Release|Any CPU
		{00E58C53-0AC1-4113-8CCF-D299861EA8D3}.Release|Any CPU.Build.0 = Release|Any CPU
		{F4E179D1-A3EB-4A1D-9C11-E7019F4B1EE2}.Debug|Any CPU.ActiveCfg = Debug|Any CPU
		{F4E179D1-A3EB-4A1D-9C11-E7019F4B1EE2}.Debug|Any CPU.Build.0 = Debug|Any CPU
		{F4E179D1-A3EB-4A1D-9C11-E7019F4B1EE2}.Release|Any CPU.ActiveCfg = Release|Any CPU
		{F4E179D1-A3EB-4A1D-9C11-E7019F4B1EE2}.Release|Any CPU.Build.0 = Release|Any CPU
		{374314B2-7149-4316-8750-4E1E7BF6C3B4}.Debug|Any CPU.ActiveCfg = Debug|Any CPU
		{374314B2-7149-4316-8750-4E1E7BF6C3B4}.Debug|Any CPU.Build.0 = Debug|Any CPU
		{374314B2-7149-4316-8750-4E1E7BF6C3B4}.Release|Any CPU.ActiveCfg = Release|Any CPU
		{374314B2-7149-4316-8750-4E1E7BF6C3B4}.Release|Any CPU.Build.0 = Release|Any CPU
		{498DAD05-336E-4851-ABD8-4E7CCA8312B0}.Debug|Any CPU.ActiveCfg = Debug|Any CPU
		{498DAD05-336E-4851-ABD8-4E7CCA8312B0}.Debug|Any CPU.Build.0 = Debug|Any CPU
		{498DAD05-336E-4851-ABD8-4E7CCA8312B0}.Release|Any CPU.ActiveCfg = Release|Any CPU
		{498DAD05-336E-4851-ABD8-4E7CCA8312B0}.Release|Any CPU.Build.0 = Release|Any CPU
		{5F138C70-EAFA-4C7C-8B90-EFB9624B235C}.Debug|Any CPU.ActiveCfg = Debug|Any CPU
		{5F138C70-EAFA-4C7C-8B90-EFB9624B235C}.Debug|Any CPU.Build.0 = Debug|Any CPU
		{5F138C70-EAFA-4C7C-8B90-EFB9624B235C}.Release|Any CPU.ActiveCfg = Release|Any CPU
		{5F138C70-EAFA-4C7C-8B90-EFB9624B235C}.Release|Any CPU.Build.0 = Release|Any CPU
		{BCC6501C-16A7-4787-BA47-52DAE06718A8}.Debug|Any CPU.ActiveCfg = Debug|Any CPU
		{BCC6501C-16A7-4787-BA47-52DAE06718A8}.Debug|Any CPU.Build.0 = Debug|Any CPU
		{BCC6501C-16A7-4787-BA47-52DAE06718A8}.Release|Any CPU.ActiveCfg = Release|Any CPU
		{BCC6501C-16A7-4787-BA47-52DAE06718A8}.Release|Any CPU.Build.0 = Release|Any CPU
		{9B41FAC1-4427-487C-BF3F-69554848DEBF}.Debug|Any CPU.ActiveCfg = Debug|Any CPU
		{9B41FAC1-4427-487C-BF3F-69554848DEBF}.Debug|Any CPU.Build.0 = Debug|Any CPU
		{9B41FAC1-4427-487C-BF3F-69554848DEBF}.Release|Any CPU.ActiveCfg = Release|Any CPU
		{9B41FAC1-4427-487C-BF3F-69554848DEBF}.Release|Any CPU.Build.0 = Release|Any CPU
		{EC5C6A71-458A-4A1D-BE96-CCB84FF4AF1B}.Debug|Any CPU.ActiveCfg = Debug|Any CPU
		{EC5C6A71-458A-4A1D-BE96-CCB84FF4AF1B}.Debug|Any CPU.Build.0 = Debug|Any CPU
		{EC5C6A71-458A-4A1D-BE96-CCB84FF4AF1B}.Release|Any CPU.ActiveCfg = Release|Any CPU
		{EC5C6A71-458A-4A1D-BE96-CCB84FF4AF1B}.Release|Any CPU.Build.0 = Release|Any CPU
		{3BB51E17-8D3E-42FE-AAE6-C33DA5D8D323}.Debug|Any CPU.ActiveCfg = Debug|Any CPU
		{3BB51E17-8D3E-42FE-AAE6-C33DA5D8D323}.Debug|Any CPU.Build.0 = Debug|Any CPU
		{3BB51E17-8D3E-42FE-AAE6-C33DA5D8D323}.Release|Any CPU.ActiveCfg = Release|Any CPU
		{3BB51E17-8D3E-42FE-AAE6-C33DA5D8D323}.Release|Any CPU.Build.0 = Release|Any CPU
	EndGlobalSection
	GlobalSection(NestedProjects) = preSolution
		{F4E179D1-A3EB-4A1D-9C11-E7019F4B1EE2} = {04787943-EBB6-4DE4-96D5-4CFB4A2CEE99}
		{374314B2-7149-4316-8750-4E1E7BF6C3B4} = {04787943-EBB6-4DE4-96D5-4CFB4A2CEE99}
		{498DAD05-336E-4851-ABD8-4E7CCA8312B0} = {04787943-EBB6-4DE4-96D5-4CFB4A2CEE99}
		{BCC6501C-16A7-4787-BA47-52DAE06718A8} = {04787943-EBB6-4DE4-96D5-4CFB4A2CEE99}
	EndGlobalSection
EndGlobal
