
Microsoft Visual Studio Solution File, Format Version 12.00
# Visual Studio Version 17
VisualStudioVersion = 17.0.31903.59
MinimumVisualStudioVersion = 10.0.40219.1
Project("{FAE04EC0-301F-11D3-BF4B-00C04F79EFBC}") = "Spacebar.AdminApi", "Spacebar.AdminApi\Spacebar.AdminApi.csproj", "{00E58C53-0AC1-4113-8CCF-D299861EA8D3}"
EndProject
Project("{2150E333-8FDC-42A3-9474-1A3956D46DE8}") = "Utilities", "Utilities", "{04787943-EBB6-4DE4-96D5-4CFB4A2CEE99}"
EndProject
Project("{FAE04EC0-301F-11D3-BF4B-00C04F79EFBC}") = "Spacebar.RabbitMqUtilities", "Utilities\Spacebar.RabbitMqUtilities\Spacebar.RabbitMqUtilities.csproj", "{F4E179D1-A3EB-4A1D-9C11-E7019F4B1EE2}"
EndProject
Project("{FAE04EC0-301F-11D3-BF4B-00C04F79EFBC}") = "Spacebar.AdminApiTest", "Utilities\Spacebar.AdminApiTest\Spacebar.AdminApiTest.csproj", "{374314B2-7149-4316-8750-4E1E7BF6C3B4}"
EndProject
Project("{FAE04EC0-301F-11D3-BF4B-00C04F79EFBC}") = "Spacebar.AdminApi.TestClient", "Utilities\Spacebar.AdminApi.TestClient\Spacebar.AdminApi.TestClient.csproj", "{498DAD05-336E-4851-ABD8-4E7CCA8312B0}"
EndProject
Project("{FAE04EC0-301F-11D3-BF4B-00C04F79EFBC}") = "Spacebar.AdminApi.PrepareTestData", "Utilities\Spacebar.AdminApi.PrepareTestData\Spacebar.AdminApi.PrepareTestData.csproj", "{BCC6501C-16A7-4787-BA47-52DAE06718A8}"
EndProject
Project("{FAE04EC0-301F-11D3-BF4B-00C04F79EFBC}") = "Spacebar.Cdn", "Spacebar.Cdn\Spacebar.Cdn.csproj", "{A2B0770E-D5E6-47BC-8595-4469F5C3E993}"
EndProject
Project("{2150E333-8FDC-42A3-9474-1A3956D46DE8}") = "Models", "Models", "{259D1A9B-2927-4571-A366-68C3BB30C2B2}"
EndProject
Project("{FAE04EC0-301F-11D3-BF4B-00C04F79EFBC}") = "Spacebar.Models.Config", "Models\Spacebar.Models.Config\Spacebar.Models.Config.csproj", "{709BCD85-2E06-429B-A53E-95CCD286A94F}"
EndProject
Project("{FAE04EC0-301F-11D3-BF4B-00C04F79EFBC}") = "Spacebar.Models.Db", "Models\Spacebar.Models.Db\Spacebar.Models.Db.csproj", "{753A55F0-A2CD-447B-8664-B06CB606CEAB}"
EndProject
Project("{FAE04EC0-301F-11D3-BF4B-00C04F79EFBC}") = "ConfigTest", "Utilities\ConfigTest\ConfigTest.csproj", "{9B190B74-C7D0-4E60-9D73-008136A800FF}"
EndProject
Project("{FAE04EC0-301F-11D3-BF4B-00C04F79EFBC}") = "DiscordEmojiConverter", "Utilities\DiscordEmojiConverter\DiscordEmojiConverter.csproj", "{BCE9DADB-4274-4190-8EA7-54F3EF6D5ECF}"
EndProject
Project("{FAE04EC0-301F-11D3-BF4B-00C04F79EFBC}") = "Spacebar.CleanSettingsRows", "Utilities\Spacebar.CleanSettingsRows\Spacebar.CleanSettingsRows.csproj", "{9AABE503-5D27-4D7F-8A01-4430422C4284}"
EndProject
Project("{FAE04EC0-301F-11D3-BF4B-00C04F79EFBC}") = "Spacebar.Models.AdminApi", "Models\Spacebar.Models.AdminApi\Spacebar.Models.AdminApi.csproj", "{F13D96E4-9C85-4853-B812-7FD35620382C}"
EndProject
Global
	GlobalSection(SolutionConfigurationPlatforms) = preSolution
		Debug|Any CPU = Debug|Any CPU
		Debug|x64 = Debug|x64
		Debug|x86 = Debug|x86
		Release|Any CPU = Release|Any CPU
		Release|x64 = Release|x64
		Release|x86 = Release|x86
	EndGlobalSection
	GlobalSection(ProjectConfigurationPlatforms) = postSolution
		{00E58C53-0AC1-4113-8CCF-D299861EA8D3}.Debug|Any CPU.ActiveCfg = Debug|Any CPU
		{00E58C53-0AC1-4113-8CCF-D299861EA8D3}.Debug|Any CPU.Build.0 = Debug|Any CPU
		{00E58C53-0AC1-4113-8CCF-D299861EA8D3}.Debug|x64.ActiveCfg = Debug|Any CPU
		{00E58C53-0AC1-4113-8CCF-D299861EA8D3}.Debug|x64.Build.0 = Debug|Any CPU
		{00E58C53-0AC1-4113-8CCF-D299861EA8D3}.Debug|x86.ActiveCfg = Debug|Any CPU
		{00E58C53-0AC1-4113-8CCF-D299861EA8D3}.Debug|x86.Build.0 = Debug|Any CPU
		{00E58C53-0AC1-4113-8CCF-D299861EA8D3}.Release|Any CPU.ActiveCfg = Release|Any CPU
		{00E58C53-0AC1-4113-8CCF-D299861EA8D3}.Release|Any CPU.Build.0 = Release|Any CPU
		{00E58C53-0AC1-4113-8CCF-D299861EA8D3}.Release|x64.ActiveCfg = Release|Any CPU
		{00E58C53-0AC1-4113-8CCF-D299861EA8D3}.Release|x64.Build.0 = Release|Any CPU
		{00E58C53-0AC1-4113-8CCF-D299861EA8D3}.Release|x86.ActiveCfg = Release|Any CPU
		{00E58C53-0AC1-4113-8CCF-D299861EA8D3}.Release|x86.Build.0 = Release|Any CPU
		{F4E179D1-A3EB-4A1D-9C11-E7019F4B1EE2}.Debug|Any CPU.ActiveCfg = Debug|Any CPU
		{F4E179D1-A3EB-4A1D-9C11-E7019F4B1EE2}.Debug|Any CPU.Build.0 = Debug|Any CPU
		{F4E179D1-A3EB-4A1D-9C11-E7019F4B1EE2}.Debug|x64.ActiveCfg = Debug|Any CPU
		{F4E179D1-A3EB-4A1D-9C11-E7019F4B1EE2}.Debug|x64.Build.0 = Debug|Any CPU
		{F4E179D1-A3EB-4A1D-9C11-E7019F4B1EE2}.Debug|x86.ActiveCfg = Debug|Any CPU
		{F4E179D1-A3EB-4A1D-9C11-E7019F4B1EE2}.Debug|x86.Build.0 = Debug|Any CPU
		{F4E179D1-A3EB-4A1D-9C11-E7019F4B1EE2}.Release|Any CPU.ActiveCfg = Release|Any CPU
		{F4E179D1-A3EB-4A1D-9C11-E7019F4B1EE2}.Release|Any CPU.Build.0 = Release|Any CPU
		{F4E179D1-A3EB-4A1D-9C11-E7019F4B1EE2}.Release|x64.ActiveCfg = Release|Any CPU
		{F4E179D1-A3EB-4A1D-9C11-E7019F4B1EE2}.Release|x64.Build.0 = Release|Any CPU
		{F4E179D1-A3EB-4A1D-9C11-E7019F4B1EE2}.Release|x86.ActiveCfg = Release|Any CPU
		{F4E179D1-A3EB-4A1D-9C11-E7019F4B1EE2}.Release|x86.Build.0 = Release|Any CPU
		{374314B2-7149-4316-8750-4E1E7BF6C3B4}.Debug|Any CPU.ActiveCfg = Debug|Any CPU
		{374314B2-7149-4316-8750-4E1E7BF6C3B4}.Debug|Any CPU.Build.0 = Debug|Any CPU
		{374314B2-7149-4316-8750-4E1E7BF6C3B4}.Debug|x64.ActiveCfg = Debug|Any CPU
		{374314B2-7149-4316-8750-4E1E7BF6C3B4}.Debug|x64.Build.0 = Debug|Any CPU
		{374314B2-7149-4316-8750-4E1E7BF6C3B4}.Debug|x86.ActiveCfg = Debug|Any CPU
		{374314B2-7149-4316-8750-4E1E7BF6C3B4}.Debug|x86.Build.0 = Debug|Any CPU
		{374314B2-7149-4316-8750-4E1E7BF6C3B4}.Release|Any CPU.ActiveCfg = Release|Any CPU
		{374314B2-7149-4316-8750-4E1E7BF6C3B4}.Release|Any CPU.Build.0 = Release|Any CPU
		{374314B2-7149-4316-8750-4E1E7BF6C3B4}.Release|x64.ActiveCfg = Release|Any CPU
		{374314B2-7149-4316-8750-4E1E7BF6C3B4}.Release|x64.Build.0 = Release|Any CPU
		{374314B2-7149-4316-8750-4E1E7BF6C3B4}.Release|x86.ActiveCfg = Release|Any CPU
		{374314B2-7149-4316-8750-4E1E7BF6C3B4}.Release|x86.Build.0 = Release|Any CPU
		{498DAD05-336E-4851-ABD8-4E7CCA8312B0}.Debug|Any CPU.ActiveCfg = Debug|Any CPU
		{498DAD05-336E-4851-ABD8-4E7CCA8312B0}.Debug|Any CPU.Build.0 = Debug|Any CPU
		{498DAD05-336E-4851-ABD8-4E7CCA8312B0}.Debug|x64.ActiveCfg = Debug|Any CPU
		{498DAD05-336E-4851-ABD8-4E7CCA8312B0}.Debug|x64.Build.0 = Debug|Any CPU
		{498DAD05-336E-4851-ABD8-4E7CCA8312B0}.Debug|x86.ActiveCfg = Debug|Any CPU
		{498DAD05-336E-4851-ABD8-4E7CCA8312B0}.Debug|x86.Build.0 = Debug|Any CPU
		{498DAD05-336E-4851-ABD8-4E7CCA8312B0}.Release|Any CPU.ActiveCfg = Release|Any CPU
		{498DAD05-336E-4851-ABD8-4E7CCA8312B0}.Release|Any CPU.Build.0 = Release|Any CPU
		{498DAD05-336E-4851-ABD8-4E7CCA8312B0}.Release|x64.ActiveCfg = Release|Any CPU
		{498DAD05-336E-4851-ABD8-4E7CCA8312B0}.Release|x64.Build.0 = Release|Any CPU
		{498DAD05-336E-4851-ABD8-4E7CCA8312B0}.Release|x86.ActiveCfg = Release|Any CPU
		{498DAD05-336E-4851-ABD8-4E7CCA8312B0}.Release|x86.Build.0 = Release|Any CPU
		{BCC6501C-16A7-4787-BA47-52DAE06718A8}.Debug|Any CPU.ActiveCfg = Debug|Any CPU
		{BCC6501C-16A7-4787-BA47-52DAE06718A8}.Debug|Any CPU.Build.0 = Debug|Any CPU
		{BCC6501C-16A7-4787-BA47-52DAE06718A8}.Debug|x64.ActiveCfg = Debug|Any CPU
		{BCC6501C-16A7-4787-BA47-52DAE06718A8}.Debug|x64.Build.0 = Debug|Any CPU
		{BCC6501C-16A7-4787-BA47-52DAE06718A8}.Debug|x86.ActiveCfg = Debug|Any CPU
		{BCC6501C-16A7-4787-BA47-52DAE06718A8}.Debug|x86.Build.0 = Debug|Any CPU
		{BCC6501C-16A7-4787-BA47-52DAE06718A8}.Release|Any CPU.ActiveCfg = Release|Any CPU
		{BCC6501C-16A7-4787-BA47-52DAE06718A8}.Release|Any CPU.Build.0 = Release|Any CPU
		{BCC6501C-16A7-4787-BA47-52DAE06718A8}.Release|x64.ActiveCfg = Release|Any CPU
		{BCC6501C-16A7-4787-BA47-52DAE06718A8}.Release|x64.Build.0 = Release|Any CPU
		{BCC6501C-16A7-4787-BA47-52DAE06718A8}.Release|x86.ActiveCfg = Release|Any CPU
		{BCC6501C-16A7-4787-BA47-52DAE06718A8}.Release|x86.Build.0 = Release|Any CPU
		{A2B0770E-D5E6-47BC-8595-4469F5C3E993}.Debug|Any CPU.ActiveCfg = Debug|Any CPU
		{A2B0770E-D5E6-47BC-8595-4469F5C3E993}.Debug|Any CPU.Build.0 = Debug|Any CPU
		{A2B0770E-D5E6-47BC-8595-4469F5C3E993}.Debug|x64.ActiveCfg = Debug|Any CPU
		{A2B0770E-D5E6-47BC-8595-4469F5C3E993}.Debug|x64.Build.0 = Debug|Any CPU
		{A2B0770E-D5E6-47BC-8595-4469F5C3E993}.Debug|x86.ActiveCfg = Debug|Any CPU
		{A2B0770E-D5E6-47BC-8595-4469F5C3E993}.Debug|x86.Build.0 = Debug|Any CPU
		{A2B0770E-D5E6-47BC-8595-4469F5C3E993}.Release|Any CPU.ActiveCfg = Release|Any CPU
		{A2B0770E-D5E6-47BC-8595-4469F5C3E993}.Release|Any CPU.Build.0 = Release|Any CPU
		{A2B0770E-D5E6-47BC-8595-4469F5C3E993}.Release|x64.ActiveCfg = Release|Any CPU
		{A2B0770E-D5E6-47BC-8595-4469F5C3E993}.Release|x64.Build.0 = Release|Any CPU
		{A2B0770E-D5E6-47BC-8595-4469F5C3E993}.Release|x86.ActiveCfg = Release|Any CPU
		{A2B0770E-D5E6-47BC-8595-4469F5C3E993}.Release|x86.Build.0 = Release|Any CPU
		{709BCD85-2E06-429B-A53E-95CCD286A94F}.Debug|Any CPU.ActiveCfg = Debug|Any CPU
		{709BCD85-2E06-429B-A53E-95CCD286A94F}.Debug|Any CPU.Build.0 = Debug|Any CPU
		{709BCD85-2E06-429B-A53E-95CCD286A94F}.Debug|x64.ActiveCfg = Debug|Any CPU
		{709BCD85-2E06-429B-A53E-95CCD286A94F}.Debug|x64.Build.0 = Debug|Any CPU
		{709BCD85-2E06-429B-A53E-95CCD286A94F}.Debug|x86.ActiveCfg = Debug|Any CPU
		{709BCD85-2E06-429B-A53E-95CCD286A94F}.Debug|x86.Build.0 = Debug|Any CPU
		{709BCD85-2E06-429B-A53E-95CCD286A94F}.Release|Any CPU.ActiveCfg = Release|Any CPU
		{709BCD85-2E06-429B-A53E-95CCD286A94F}.Release|Any CPU.Build.0 = Release|Any CPU
		{709BCD85-2E06-429B-A53E-95CCD286A94F}.Release|x64.ActiveCfg = Release|Any CPU
		{709BCD85-2E06-429B-A53E-95CCD286A94F}.Release|x64.Build.0 = Release|Any CPU
		{709BCD85-2E06-429B-A53E-95CCD286A94F}.Release|x86.ActiveCfg = Release|Any CPU
		{709BCD85-2E06-429B-A53E-95CCD286A94F}.Release|x86.Build.0 = Release|Any CPU
		{753A55F0-A2CD-447B-8664-B06CB606CEAB}.Debug|Any CPU.ActiveCfg = Debug|Any CPU
		{753A55F0-A2CD-447B-8664-B06CB606CEAB}.Debug|Any CPU.Build.0 = Debug|Any CPU
		{753A55F0-A2CD-447B-8664-B06CB606CEAB}.Debug|x64.ActiveCfg = Debug|Any CPU
		{753A55F0-A2CD-447B-8664-B06CB606CEAB}.Debug|x64.Build.0 = Debug|Any CPU
		{753A55F0-A2CD-447B-8664-B06CB606CEAB}.Debug|x86.ActiveCfg = Debug|Any CPU
		{753A55F0-A2CD-447B-8664-B06CB606CEAB}.Debug|x86.Build.0 = Debug|Any CPU
		{753A55F0-A2CD-447B-8664-B06CB606CEAB}.Release|Any CPU.ActiveCfg = Release|Any CPU
		{753A55F0-A2CD-447B-8664-B06CB606CEAB}.Release|Any CPU.Build.0 = Release|Any CPU
		{753A55F0-A2CD-447B-8664-B06CB606CEAB}.Release|x64.ActiveCfg = Release|Any CPU
		{753A55F0-A2CD-447B-8664-B06CB606CEAB}.Release|x64.Build.0 = Release|Any CPU
		{753A55F0-A2CD-447B-8664-B06CB606CEAB}.Release|x86.ActiveCfg = Release|Any CPU
		{753A55F0-A2CD-447B-8664-B06CB606CEAB}.Release|x86.Build.0 = Release|Any CPU
		{9B190B74-C7D0-4E60-9D73-008136A800FF}.Debug|Any CPU.ActiveCfg = Debug|Any CPU
		{9B190B74-C7D0-4E60-9D73-008136A800FF}.Debug|Any CPU.Build.0 = Debug|Any CPU
		{9B190B74-C7D0-4E60-9D73-008136A800FF}.Debug|x64.ActiveCfg = Debug|Any CPU
		{9B190B74-C7D0-4E60-9D73-008136A800FF}.Debug|x64.Build.0 = Debug|Any CPU
		{9B190B74-C7D0-4E60-9D73-008136A800FF}.Debug|x86.ActiveCfg = Debug|Any CPU
		{9B190B74-C7D0-4E60-9D73-008136A800FF}.Debug|x86.Build.0 = Debug|Any CPU
		{9B190B74-C7D0-4E60-9D73-008136A800FF}.Release|Any CPU.ActiveCfg = Release|Any CPU
		{9B190B74-C7D0-4E60-9D73-008136A800FF}.Release|Any CPU.Build.0 = Release|Any CPU
		{9B190B74-C7D0-4E60-9D73-008136A800FF}.Release|x64.ActiveCfg = Release|Any CPU
		{9B190B74-C7D0-4E60-9D73-008136A800FF}.Release|x64.Build.0 = Release|Any CPU
		{9B190B74-C7D0-4E60-9D73-008136A800FF}.Release|x86.ActiveCfg = Release|Any CPU
		{9B190B74-C7D0-4E60-9D73-008136A800FF}.Release|x86.Build.0 = Release|Any CPU
		{BCE9DADB-4274-4190-8EA7-54F3EF6D5ECF}.Debug|Any CPU.ActiveCfg = Debug|Any CPU
		{BCE9DADB-4274-4190-8EA7-54F3EF6D5ECF}.Debug|Any CPU.Build.0 = Debug|Any CPU
		{BCE9DADB-4274-4190-8EA7-54F3EF6D5ECF}.Debug|x64.ActiveCfg = Debug|Any CPU
		{BCE9DADB-4274-4190-8EA7-54F3EF6D5ECF}.Debug|x64.Build.0 = Debug|Any CPU
		{BCE9DADB-4274-4190-8EA7-54F3EF6D5ECF}.Debug|x86.ActiveCfg = Debug|Any CPU
		{BCE9DADB-4274-4190-8EA7-54F3EF6D5ECF}.Debug|x86.Build.0 = Debug|Any CPU
		{BCE9DADB-4274-4190-8EA7-54F3EF6D5ECF}.Release|Any CPU.ActiveCfg = Release|Any CPU
		{BCE9DADB-4274-4190-8EA7-54F3EF6D5ECF}.Release|Any CPU.Build.0 = Release|Any CPU
		{BCE9DADB-4274-4190-8EA7-54F3EF6D5ECF}.Release|x64.ActiveCfg = Release|Any CPU
		{BCE9DADB-4274-4190-8EA7-54F3EF6D5ECF}.Release|x64.Build.0 = Release|Any CPU
		{BCE9DADB-4274-4190-8EA7-54F3EF6D5ECF}.Release|x86.ActiveCfg = Release|Any CPU
		{BCE9DADB-4274-4190-8EA7-54F3EF6D5ECF}.Release|x86.Build.0 = Release|Any CPU
		{9AABE503-5D27-4D7F-8A01-4430422C4284}.Debug|Any CPU.ActiveCfg = Debug|Any CPU
		{9AABE503-5D27-4D7F-8A01-4430422C4284}.Debug|Any CPU.Build.0 = Debug|Any CPU
		{9AABE503-5D27-4D7F-8A01-4430422C4284}.Debug|x64.ActiveCfg = Debug|Any CPU
		{9AABE503-5D27-4D7F-8A01-4430422C4284}.Debug|x64.Build.0 = Debug|Any CPU
		{9AABE503-5D27-4D7F-8A01-4430422C4284}.Debug|x86.ActiveCfg = Debug|Any CPU
		{9AABE503-5D27-4D7F-8A01-4430422C4284}.Debug|x86.Build.0 = Debug|Any CPU
		{9AABE503-5D27-4D7F-8A01-4430422C4284}.Release|Any CPU.ActiveCfg = Release|Any CPU
		{9AABE503-5D27-4D7F-8A01-4430422C4284}.Release|Any CPU.Build.0 = Release|Any CPU
		{9AABE503-5D27-4D7F-8A01-4430422C4284}.Release|x64.ActiveCfg = Release|Any CPU
		{9AABE503-5D27-4D7F-8A01-4430422C4284}.Release|x64.Build.0 = Release|Any CPU
		{9AABE503-5D27-4D7F-8A01-4430422C4284}.Release|x86.ActiveCfg = Release|Any CPU
		{9AABE503-5D27-4D7F-8A01-4430422C4284}.Release|x86.Build.0 = Release|Any CPU
		{F13D96E4-9C85-4853-B812-7FD35620382C}.Debug|Any CPU.ActiveCfg = Debug|Any CPU
		{F13D96E4-9C85-4853-B812-7FD35620382C}.Debug|Any CPU.Build.0 = Debug|Any CPU
		{F13D96E4-9C85-4853-B812-7FD35620382C}.Debug|x64.ActiveCfg = Debug|Any CPU
		{F13D96E4-9C85-4853-B812-7FD35620382C}.Debug|x64.Build.0 = Debug|Any CPU
		{F13D96E4-9C85-4853-B812-7FD35620382C}.Debug|x86.ActiveCfg = Debug|Any CPU
		{F13D96E4-9C85-4853-B812-7FD35620382C}.Debug|x86.Build.0 = Debug|Any CPU
		{F13D96E4-9C85-4853-B812-7FD35620382C}.Release|Any CPU.ActiveCfg = Release|Any CPU
		{F13D96E4-9C85-4853-B812-7FD35620382C}.Release|Any CPU.Build.0 = Release|Any CPU
		{F13D96E4-9C85-4853-B812-7FD35620382C}.Release|x64.ActiveCfg = Release|Any CPU
		{F13D96E4-9C85-4853-B812-7FD35620382C}.Release|x64.Build.0 = Release|Any CPU
		{F13D96E4-9C85-4853-B812-7FD35620382C}.Release|x86.ActiveCfg = Release|Any CPU
		{F13D96E4-9C85-4853-B812-7FD35620382C}.Release|x86.Build.0 = Release|Any CPU
	EndGlobalSection
	GlobalSection(SolutionProperties) = preSolution
		HideSolutionNode = FALSE
	EndGlobalSection
	GlobalSection(NestedProjects) = preSolution
		{F4E179D1-A3EB-4A1D-9C11-E7019F4B1EE2} = {04787943-EBB6-4DE4-96D5-4CFB4A2CEE99}
		{374314B2-7149-4316-8750-4E1E7BF6C3B4} = {04787943-EBB6-4DE4-96D5-4CFB4A2CEE99}
		{498DAD05-336E-4851-ABD8-4E7CCA8312B0} = {04787943-EBB6-4DE4-96D5-4CFB4A2CEE99}
		{BCC6501C-16A7-4787-BA47-52DAE06718A8} = {04787943-EBB6-4DE4-96D5-4CFB4A2CEE99}
		{709BCD85-2E06-429B-A53E-95CCD286A94F} = {259D1A9B-2927-4571-A366-68C3BB30C2B2}
		{753A55F0-A2CD-447B-8664-B06CB606CEAB} = {259D1A9B-2927-4571-A366-68C3BB30C2B2}
		{9B190B74-C7D0-4E60-9D73-008136A800FF} = {04787943-EBB6-4DE4-96D5-4CFB4A2CEE99}
		{BCE9DADB-4274-4190-8EA7-54F3EF6D5ECF} = {04787943-EBB6-4DE4-96D5-4CFB4A2CEE99}
		{9AABE503-5D27-4D7F-8A01-4430422C4284} = {04787943-EBB6-4DE4-96D5-4CFB4A2CEE99}
		{F13D96E4-9C85-4853-B812-7FD35620382C} = {259D1A9B-2927-4571-A366-68C3BB30C2B2}
	EndGlobalSection
EndGlobal
