{
  "nodes": {
    "flake-utils": {
      "inputs": {
        "systems": "systems"
      },
      "locked": {
        "lastModified": 1731533236,
        "narHash": "sha256-l0KFg5HjrsfsO/JpG+r7fRrqm12kzFHyUHqHCVpMMbI=",
        "owner": "numtide",
        "repo": "flake-utils",
        "rev": "11707dc2f618dd54ca8739b309ec4fc024de578b",
        "type": "github"
      },
      "original": {
        "owner": "numtide",
        "repo": "flake-utils",
        "type": "github"
      }
    },
    "nixpkgs": {
      "locked": {
        "lastModified": 1773436484,
        "narHash": "sha256-SeGjOJJBrsTSa13z/Cu5ucQUo1qlIPwXfR7AeeOBoew=",
        "owner": "NixOS",
        "repo": "nixpkgs",
        "rev": "97715a1ceaf42795d7eb751872f7f8e1d317e6e1",
        "type": "github"
      },
      "original": {
        "owner": "NixOS",
        "ref": "master",
        "repo": "nixpkgs",
        "type": "github"
      }
    },
    "pion-webrtc": {
      "inputs": {
        "flake-utils": [
          "flake-utils"
        ],
        "nixpkgs": [
          "nixpkgs"
        ]
      },
      "locked": {
        "lastModified": 1773624569,
        "narHash": "sha256-CKfTu9nDD85yv7hHxCKl8tGv4R+/Yj44ANAwvqSO2q4=",
        "owner": "spacebarchat",
        "repo": "pion-webrtc",
        "rev": "5382e83ccbb0305a91b9ae92eae2ee9f5ac39398",
        "type": "github"
      },
      "original": {
        "owner": "spacebarchat",
        "repo": "pion-webrtc",
        "type": "github"
      }
    },
    "root": {
      "inputs": {
        "flake-utils": "flake-utils",
        "nixpkgs": "nixpkgs",
        "pion-webrtc": "pion-webrtc"
      }
    },
    "systems": {
      "locked": {
        "lastModified": 1681028828,
        "narHash": "sha256-Vy1rq5AaRuLzOxct8nz4T6wlgyUR7zLU309k9mBC768=",
        "owner": "nix-systems",
        "repo": "default",
        "rev": "da67096a3b9bf56a91d16901293e51ba5b49a27e",
        "type": "github"
      },
      "original": {
        "owner": "nix-systems",
        "repo": "default",
        "type": "github"
      }
    }
  },
  "root": "root",
  "version": 7
}
