{
	"name": "@fosscord/api",
	"version": "1.0.0",
	"lockfileVersion": 1,
	"requires": true,
	"dependencies": {
		"@types/node": {
			"version": "14.17.9",
			"resolved": "https://registry.npmjs.org/@types/node/-/node-14.17.9.tgz",
			"integrity": "sha512-CMjgRNsks27IDwI785YMY0KLt3co/c0cQ5foxHYv/shC2w8oOnVwz5Ubq1QG5KzrcW+AXk6gzdnxIkDnTvzu3g==",
			"dev": true
		}
	}
}
